{
    "_readme": [
        "This file locks the dependencies of your project to a known state",
        "Read more about it at https://getcomposer.org/doc/01-basic-usage.md#installing-dependencies",
        "This file is @generated automatically"
    ],
    "content-hash": "b241bfe4d0b779dda079affef00207f4",
    "packages": [
        {
            "name": "composer/installers",
            "version": "v2.3.0",
            "source": {
                "type": "git",
                "url": "https://github.com/composer/installers.git",
                "reference": "12fb2dfe5e16183de69e784a7b84046c43d97e8e"
            },
            "dist": {
                "type": "zip",
                "url": "https://api.github.com/repos/composer/installers/zipball/12fb2dfe5e16183de69e784a7b84046c43d97e8e",
                "reference": "12fb2dfe5e16183de69e784a7b84046c43d97e8e",
                "shasum": ""
            },
            "require": {
                "composer-plugin-api": "^1.0 || ^2.0",
                "php": "^7.2 || ^8.0"
            },
            "require-dev": {
                "composer/composer": "^1.10.27 || ^2.7",
                "composer/semver": "^1.7.2 || ^3.4.0",
                "phpstan/phpstan": "^1.11",
                "phpstan/phpstan-phpunit": "^1",
                "symfony/phpunit-bridge": "^7.1.1",
                "symfony/process": "^5 || ^6 || ^7"
            },
            "type": "composer-plugin",
            "extra": {
                "class": "Composer\\Installers\\Plugin",
                "branch-alias": {
                    "dev-main": "2.x-dev"
                },
                "plugin-modifies-install-path": true
            },
            "autoload": {
                "psr-4": {
                    "Composer\\Installers\\": "src/Composer/Installers"
                }
            },
            "notification-url": "https://packagist.org/downloads/",
            "license": [
                "MIT"
            ],
            "authors": [
                {
                    "name": "Kyle Robinson Young",
                    "email": "kyle@dontkry.com",
                    "homepage": "https://github.com/shama"
                }
            ],
            "description": "A multi-framework Composer library installer",
            "homepage": "https://composer.github.io/installers/",
            "keywords": [
                "Dolibarr",
                "Eliasis",
                "Hurad",
                "ImageCMS",
                "Kanboard",
                "Lan Management System",
                "MODX Evo",
                "MantisBT",
                "Mautic",
                "Maya",
                "OXID",
                "Plentymarkets",
                "Porto",
                "RadPHP",
                "SMF",
                "Starbug",
                "Thelia",
                "Whmcs",
                "WolfCMS",
                "agl",
                "annotatecms",
                "attogram",
                "bitrix",
                "cakephp",
                "chef",
                "cockpit",
                "codeigniter",
                "concrete5",
                "concreteCMS",
                "croogo",
                "dokuwiki",
                "drupal",
                "eZ Platform",
                "elgg",
                "expressionengine",
                "fuelphp",
                "grav",
                "installer",
                "itop",
                "known",
                "kohana",
                "laravel",
                "lavalite",
                "lithium",
                "magento",
                "majima",
                "mako",
                "matomo",
                "mediawiki",
                "miaoxing",
                "modulework",
                "modx",
                "moodle",
                "osclass",
                "pantheon",
                "phpbb",
                "piwik",
                "ppi",
                "processwire",
                "puppet",
                "pxcms",
                "reindex",
                "roundcube",
                "shopware",
                "silverstripe",
                "sydes",
                "sylius",
                "tastyigniter",
                "wordpress",
                "yawik",
                "zend",
                "zikula"
            ],
            "support": {
                "issues": "https://github.com/composer/installers/issues",
                "source": "https://github.com/composer/installers/tree/v2.3.0"
            },
            "funding": [
                {
                    "url": "https://packagist.com",
                    "type": "custom"
                },
                {
                    "url": "https://github.com/composer",
                    "type": "github"
                },
                {
                    "url": "https://tidelift.com/funding/github/packagist/composer/composer",
                    "type": "tidelift"
                }
            ],
            "time": "2024-06-24T20:46:46+00:00"
        },
        {
            "name": "dave-arg/zod-php",
            "version": "v1.0.2",
            "source": {
                "type": "git",
                "url": "https://github.com/DaveARG/zod-php.git",
                "reference": "ab664ab1c1be4f698ded09de9a2e15ef1922a2ab"
            },
            "dist": {
                "type": "zip",
                "url": "https://api.github.com/repos/DaveARG/zod-php/zipball/ab664ab1c1be4f698ded09de9a2e15ef1922a2ab",
                "reference": "ab664ab1c1be4f698ded09de9a2e15ef1922a2ab",
                "shasum": ""
            },
            "type": "library",
            "autoload": {
                "psr-4": {
                    "DaveARG\\Zod\\": "src"
                }
            },
            "notification-url": "https://packagist.org/downloads/",
            "support": {
                "source": "https://github.com/DaveARG/zod-php/tree/v1.0.2"
            },
            "time": "2024-10-15T23:51:32+00:00"
        },
        {
            "name": "lewebsimple/advanced-custom-fields-pro",
            "version": "v6.3.11",
            "source": {
                "type": "git",
                "url": "ssh://git@gitlab.ledevsimple.ca:222/wp-plugins/advanced-custom-fields-pro.git",
                "reference": "4a67623359e88a7cc7e94c37137fe36c9598b9f3"
            },
            "dist": {
                "type": "zip",
                "url": "https://satis.ledevsimple.ca/dist/lewebsimple/advanced-custom-fields-pro/lewebsimple-advanced-custom-fields-pro-v6.3.11-1c9084.zip",
                "reference": "4a67623359e88a7cc7e94c37137fe36c9598b9f3",
                "shasum": "e57b2b4fa98831bc66d22110ae02761c19faf12e"
            },
            "type": "wordpress-plugin",
            "time": "2024-11-14T13:15:57+00:00"
        },
        {
            "name": "lewebsimple/kaliroots",
            "version": "v0.9.15",
            "source": {
                "type": "git",
                "url": "ssh://git@gitlab.ledevsimple.ca:222/wp-themes/kaliroots.git",
                "reference": "bf132902927dfbc17ee53573d3c1edb22c514202"
            },
            "dist": {
                "type": "zip",
                "url": "https://satis.ledevsimple.ca/dist/lewebsimple/kaliroots/lewebsimple-kaliroots-v0.9.15-6d7d2f.zip",
                "reference": "bf132902927dfbc17ee53573d3c1edb22c514202",
                "shasum": "4f961450f889d47d374193b147d2005c2279477a"
            },
            "type": "wordpress-theme",
            "time": "2024-12-13T13:53:23+00:00"
        },
        {
            "name": "wpackagist-plugin/acf-extended",
            "version": "0.9.0.9",
            "source": {
                "type": "svn",
                "url": "https://plugins.svn.wordpress.org/acf-extended/",
                "reference": "tags/0.9.0.9"
            },
            "dist": {
                "type": "zip",
                "url": "https://downloads.wordpress.org/plugin/acf-extended.0.9.0.9.zip"
            },
            "require": {
                "composer/installers": "^1.0 || ^2.0"
            },
            "type": "wordpress-plugin",
            "homepage": "https://wordpress.org/plugins/acf-extended/"
        },
        {
            "name": "wpackagist-plugin/safe-svg",
            "version": "2.3.1",
            "source": {
                "type": "svn",
                "url": "https://plugins.svn.wordpress.org/safe-svg/",
                "reference": "tags/2.3.1"
            },
            "dist": {
                "type": "zip",
                "url": "https://downloads.wordpress.org/plugin/safe-svg.2.3.1.zip"
            },
            "require": {
                "composer/installers": "^1.0 || ^2.0"
            },
            "type": "wordpress-plugin",
            "homepage": "https://wordpress.org/plugins/safe-svg/"
        },
        {
            "name": "wpackagist-plugin/user-switching",
            "version": "1.9.1",
            "source": {
                "type": "svn",
                "url": "https://plugins.svn.wordpress.org/user-switching/",
                "reference": "tags/1.9.1"
            },
            "dist": {
                "type": "zip",
                "url": "https://downloads.wordpress.org/plugin/user-switching.1.9.1.zip"
            },
            "require": {
                "composer/installers": "^1.0 || ^2.0"
            },
            "type": "wordpress-plugin",
            "homepage": "https://wordpress.org/plugins/user-switching/"
        }
    ],
    "packages-dev": [],
    "aliases": [],
    "minimum-stability": "stable",
    "stability-flags": [],
    "prefer-stable": true,
    "prefer-lowest": false,
    "platform": [],
    "platform-dev": [],
    "platform-overrides": {
        "php": "8.2"
    },
    "plugin-api-version": "2.6.0"
}
